
Microsoft Visual Studio Solution File, Format Version 11.00
# Visual Studio 2010
Project("{FAE04EC0-301F-11D3-BF4B-00C04F79EFBC}") = "Planetz - PK", "Assembly-CSharp.csproj", "{D583A7F7-1FF3-C792-0A54-38DD84EBA541}"
EndProject
Global
	GlobalSection(SolutionConfigurationPlatforms) = preSolution
		Debug|Any CPU = Debug|Any CPU
		Release|Any CPU = Release|Any CPU
	EndGlobalSection
	GlobalSection(ProjectConfigurationPlatforms) = postSolution
		{D583A7F7-1FF3-C792-0A54-38DD84EBA541}.Debug|Any CPU.ActiveCfg = Debug|Any CPU
		{D583A7F7-1FF3-C792-0A54-38DD84EBA541}.Debug|Any CPU.Build.0 = Debug|Any CPU
		{D583A7F7-1FF3-C792-0A54-38DD84EBA541}.Release|Any CPU.ActiveCfg = Release|Any CPU
		{D583A7F7-1FF3-C792-0A54-38DD84EBA541}.Release|Any CPU.Build.0 = Release|Any CPU
	EndGlobalSection
	GlobalSection(SolutionProperties) = preSolution
		HideSolutionNode = FALSE
	EndGlobalSection
	GlobalSection(MonoDevelopProperties) = preSolution
		StartupItem = Assembly-CSharp.csproj
	EndGlobalSection
EndGlobal
